
Microsoft Visual Studio Solution File, Format Version 12.00
# Visual Studio Version 16
VisualStudioVersion = 16.0.29728.190
MinimumVisualStudioVersion = 10.0.40219.1
Project("{FAE04EC0-301F-11D3-BF4B-00C04F79EFBC}") = "Step5.CollectionSamples", "Step5.CollectionSamples\Step5.CollectionSamples.csproj", "{8F05043C-BEBF-446B-BBCD-19FB9B991B84}"
EndProject
Global
	GlobalSection(SolutionConfigurationPlatforms) = preSolution
		Debug|Any CPU = Debug|Any CPU
		Release|Any CPU = Release|Any CPU
	EndGlobalSection
	GlobalSection(ProjectConfigurationPlatforms) = postSolution
		{8F05043C-BEBF-446B-BBCD-19FB9B991B84}.Debug|Any CPU.ActiveCfg = Debug|Any CPU
		{8F05043C-BEBF-446B-BBCD-19FB9B991B84}.Debug|Any CPU.Build.0 = Debug|Any CPU
		{8F05043C-BEBF-446B-BBCD-19FB9B991B84}.Release|Any CPU.ActiveCfg = Release|Any CPU
		{8F05043C-BEBF-446B-BBCD-19FB9B991B84}.Release|Any CPU.Build.0 = Release|Any CPU
	EndGlobalSection
	GlobalSection(SolutionProperties) = preSolution
		HideSolutionNode = FALSE
	EndGlobalSection
	GlobalSection(ExtensibilityGlobals) = postSolution
		SolutionGuid = {0055C8D0-2FAD-4709-A1DE-650C1A646D01}
	EndGlobalSection
EndGlobal
